
Microsoft Visual Studio Solution File, Format Version 12.00
# Visual Studio Version 16
VisualStudioVersion = 16.0.30907.101
MinimumVisualStudioVersion = 10.0.40219.1
Project("{FAE04EC0-301F-11D3-BF4B-00C04F79EFBC}") = "SceneConstructor", "SceneConstructor\SceneConstructor.csproj", "{C29EF7EC-AFBB-4491-A176-B1EABE33D2F9}"
EndProject
Global
	GlobalSection(SolutionConfigurationPlatforms) = preSolution
		Debug|Any CPU = Debug|Any CPU
		Release|Any CPU = Release|Any CPU
	EndGlobalSection
	GlobalSection(ProjectConfigurationPlatforms) = postSolution
		{C29EF7EC-AFBB-4491-A176-B1EABE33D2F9}.Debug|Any CPU.ActiveCfg = Debug|Any CPU
		{C29EF7EC-AFBB-4491-A176-B1EABE33D2F9}.Debug|Any CPU.Build.0 = Debug|Any CPU
		{C29EF7EC-AFBB-4491-A176-B1EABE33D2F9}.Release|Any CPU.ActiveCfg = Release|Any CPU
		{C29EF7EC-AFBB-4491-A176-B1EABE33D2F9}.Release|Any CPU.Build.0 = Release|Any CPU
	EndGlobalSection
	GlobalSection(SolutionProperties) = preSolution
		HideSolutionNode = FALSE
	EndGlobalSection
	GlobalSection(ExtensibilityGlobals) = postSolution
		SolutionGuid = {38450A3E-5586-402B-911A-208EA6091D56}
	EndGlobalSection
EndGlobal
